
Microsoft Visual Studio Solution File, Format Version 12.00
# Visual Studio Version 17
VisualStudioVersion = 17.3.32929.385
MinimumVisualStudioVersion = 10.0.40219.1
Project("{FAE04EC0-301F-11D3-BF4B-00C04F79EFBC}") = "ConsoleApp2", "ConsoleApp2.csproj", "{633D453E-3A30-4FCC-9224-03CE2CAC04BA}"
EndProject
Global
	GlobalSection(SolutionConfigurationPlatforms) = preSolution
		Debug|Any CPU = Debug|Any CPU
		Release|Any CPU = Release|Any CPU
	EndGlobalSection
	GlobalSection(ProjectConfigurationPlatforms) = postSolution
		{633D453E-3A30-4FCC-9224-03CE2CAC04BA}.Debug|Any CPU.ActiveCfg = Debug|Any CPU
		{633D453E-3A30-4FCC-9224-03CE2CAC04BA}.Debug|Any CPU.Build.0 = Debug|Any CPU
		{633D453E-3A30-4FCC-9224-03CE2CAC04BA}.Release|Any CPU.ActiveCfg = Release|Any CPU
		{633D453E-3A30-4FCC-9224-03CE2CAC04BA}.Release|Any CPU.Build.0 = Release|Any CPU
	EndGlobalSection
	GlobalSection(SolutionProperties) = preSolution
		HideSolutionNode = FALSE
	EndGlobalSection
	GlobalSection(ExtensibilityGlobals) = postSolution
		SolutionGuid = {595F1DBC-999C-46FC-8958-391E2E025E6B}
	EndGlobalSection
EndGlobal
